
Microsoft Visual Studio Solution File, Format Version 12.00
# Visual Studio 15
Project("{FAE04EC0-301F-11D3-BF4B-00C04F79EFBC}") = "Playground_Shell.iOS", "Playground_Shell.iOS\Playground_Shell.iOS.csproj", "{25A09734-ABBD-4C43-A5F3-CBCCCD39A92F}"
EndProject
Project("{FAE04EC0-301F-11D3-BF4B-00C04F79EFBC}") = "Playground_Shell", "Playground_Shell\Playground_Shell.csproj", "{6FB99011-31AD-46BD-B3BD-02982FFD4D4F}"
EndProject
Global
	GlobalSection(SolutionConfigurationPlatforms) = preSolution
		Debug|iPhoneSimulator = Debug|iPhoneSimulator
		Release|iPhoneSimulator = Release|iPhoneSimulator
		Debug|iPhone = Debug|iPhone
		Release|iPhone = Release|iPhone
		Debug|Any CPU = Debug|Any CPU
		Release|Any CPU = Release|Any CPU
	EndGlobalSection
	GlobalSection(ProjectConfigurationPlatforms) = postSolution
		{25A09734-ABBD-4C43-A5F3-CBCCCD39A92F}.Debug|iPhoneSimulator.ActiveCfg = Debug|iPhoneSimulator
		{25A09734-ABBD-4C43-A5F3-CBCCCD39A92F}.Debug|iPhoneSimulator.Build.0 = Debug|iPhoneSimulator
		{25A09734-ABBD-4C43-A5F3-CBCCCD39A92F}.Release|iPhoneSimulator.ActiveCfg = Release|iPhoneSimulator
		{25A09734-ABBD-4C43-A5F3-CBCCCD39A92F}.Release|iPhoneSimulator.Build.0 = Release|iPhoneSimulator
		{25A09734-ABBD-4C43-A5F3-CBCCCD39A92F}.Debug|iPhone.ActiveCfg = Debug|iPhone
		{25A09734-ABBD-4C43-A5F3-CBCCCD39A92F}.Debug|iPhone.Build.0 = Debug|iPhone
		{25A09734-ABBD-4C43-A5F3-CBCCCD39A92F}.Release|iPhone.ActiveCfg = Release|iPhone
		{25A09734-ABBD-4C43-A5F3-CBCCCD39A92F}.Release|iPhone.Build.0 = Release|iPhone
		{25A09734-ABBD-4C43-A5F3-CBCCCD39A92F}.Debug|Any CPU.ActiveCfg = Debug|iPhoneSimulator
		{25A09734-ABBD-4C43-A5F3-CBCCCD39A92F}.Debug|Any CPU.Build.0 = Debug|iPhoneSimulator
		{25A09734-ABBD-4C43-A5F3-CBCCCD39A92F}.Release|Any CPU.ActiveCfg = Release|iPhoneSimulator
		{25A09734-ABBD-4C43-A5F3-CBCCCD39A92F}.Release|Any CPU.Build.0 = Release|iPhoneSimulator
		{6FB99011-31AD-46BD-B3BD-02982FFD4D4F}.Debug|iPhoneSimulator.ActiveCfg = Debug|Any CPU
		{6FB99011-31AD-46BD-B3BD-02982FFD4D4F}.Debug|iPhoneSimulator.Build.0 = Debug|Any CPU
		{6FB99011-31AD-46BD-B3BD-02982FFD4D4F}.Release|iPhoneSimulator.ActiveCfg = Release|Any CPU
		{6FB99011-31AD-46BD-B3BD-02982FFD4D4F}.Release|iPhoneSimulator.Build.0 = Release|Any CPU
		{6FB99011-31AD-46BD-B3BD-02982FFD4D4F}.Debug|iPhone.ActiveCfg = Debug|Any CPU
		{6FB99011-31AD-46BD-B3BD-02982FFD4D4F}.Debug|iPhone.Build.0 = Debug|Any CPU
		{6FB99011-31AD-46BD-B3BD-02982FFD4D4F}.Release|iPhone.ActiveCfg = Release|Any CPU
		{6FB99011-31AD-46BD-B3BD-02982FFD4D4F}.Release|iPhone.Build.0 = Release|Any CPU
		{6FB99011-31AD-46BD-B3BD-02982FFD4D4F}.Debug|Any CPU.ActiveCfg = Debug|Any CPU
		{6FB99011-31AD-46BD-B3BD-02982FFD4D4F}.Debug|Any CPU.Build.0 = Debug|Any CPU
		{6FB99011-31AD-46BD-B3BD-02982FFD4D4F}.Release|Any CPU.ActiveCfg = Release|Any CPU
		{6FB99011-31AD-46BD-B3BD-02982FFD4D4F}.Release|Any CPU.Build.0 = Release|Any CPU
	EndGlobalSection
EndGlobal
